Microsoft Visual Studio Solution File, Format Version 12.00
# Visual Studio Version 17
VisualStudioVersion = 17.5.2.0
MinimumVisualStudioVersion = 10.0.40219.1
Project("{FAE04EC0-301F-11D3-BF4B-00C04F79EFBC}") = "[EDD]1S2025_202001952", "[EDD]1S2025_202001952.csproj", "{7E668BD4-6E1E-17BB-26B0-9ADA2B250377}"
EndProject
Global
	GlobalSection(SolutionConfigurationPlatforms) = preSolution
		Debug|Any CPU = Debug|Any CPU
		Release|Any CPU = Release|Any CPU
	EndGlobalSection
	GlobalSection(ProjectConfigurationPlatforms) = postSolution
		{7E668BD4-6E1E-17BB-26B0-9ADA2B250377}.Debug|Any CPU.ActiveCfg = Debug|Any CPU
		{7E668BD4-6E1E-17BB-26B0-9ADA2B250377}.Debug|Any CPU.Build.0 = Debug|Any CPU
		{7E668BD4-6E1E-17BB-26B0-9ADA2B250377}.Release|Any CPU.ActiveCfg = Release|Any CPU
		{7E668BD4-6E1E-17BB-26B0-9ADA2B250377}.Release|Any CPU.Build.0 = Release|Any CPU
	EndGlobalSection
	GlobalSection(SolutionProperties) = preSolution
		HideSolutionNode = FALSE
	EndGlobalSection
	GlobalSection(ExtensibilityGlobals) = postSolution
		SolutionGuid = {4D86B0FC-9C43-41C7-8841-FFE501280A0B}
	EndGlobalSection
EndGlobal
